
Microsoft Visual Studio Solution File, Format Version 12.00
# Visual Studio Version 17
VisualStudioVersion = 17.3.32811.315
MinimumVisualStudioVersion = 10.0.40219.1
Project("{FAE04EC0-301F-11D3-BF4B-00C04F79EFBC}") = "UploadFiles", "UploadFiles\UploadFiles.csproj", "{A43FA4B1-D51A-4927-8FFB-11608B4739AD}"
EndProject
Global
	GlobalSection(SolutionConfigurationPlatforms) = preSolution
		Debug|Any CPU = Debug|Any CPU
		Release|Any CPU = Release|Any CPU
	EndGlobalSection
	GlobalSection(ProjectConfigurationPlatforms) = postSolution
		{A43FA4B1-D51A-4927-8FFB-11608B4739AD}.Debug|Any CPU.ActiveCfg = Debug|Any CPU
		{A43FA4B1-D51A-4927-8FFB-11608B4739AD}.Debug|Any CPU.Build.0 = Debug|Any CPU
		{A43FA4B1-D51A-4927-8FFB-11608B4739AD}.Release|Any CPU.ActiveCfg = Release|Any CPU
		{A43FA4B1-D51A-4927-8FFB-11608B4739AD}.Release|Any CPU.Build.0 = Release|Any CPU
	EndGlobalSection
	GlobalSection(SolutionProperties) = preSolution
		HideSolutionNode = FALSE
	EndGlobalSection
	GlobalSection(ExtensibilityGlobals) = postSolution
		SolutionGuid = {247173CC-7710-4793-8D57-516A709C3B25}
	EndGlobalSection
EndGlobal
